// !$*UTF8*$!
{
	archiveVersion = 1;
	classes = {
	};
	objectVersion = 77;
	objects = {

/* Begin PBXBuildFile section */
		883ECE592F4FC96900528FA9 /* JuiceLabCore.framework in Frameworks */ = {isa = PBXBuildFile; fileRef = 883ECE512F4FC96900528FA9 /* JuiceLabCore.framework */; };
		883ECE5A2F4FC96900528FA9 /* JuiceLabCore.framework in Embed Frameworks */ = {isa = PBXBuildFile; fileRef = 883ECE512F4FC96900528FA9 /* JuiceLabCore.framework */; settings = {ATTRIBUTES = (CodeSignOnCopy, RemoveHeadersOnCopy, ); }; };
		887DDD152F52CA8000D1EFDF /* ZIPFoundation in Frameworks */ = {isa = PBXBuildFile; productRef = 887DDD142F52CA8000D1EFDF /* ZIPFoundation */; };
		887DDD172F52CA9A00D1EFDF /* ZIPFoundation in Frameworks */ = {isa = PBXBuildFile; productRef = 887DDD162F52CA9A00D1EFDF /* ZIPFoundation */; };
/* End PBXBuildFile section */

/* Begin PBXContainerItemProxy section */
		883ECE572F4FC96900528FA9 /* PBXContainerItemProxy */ = {
			isa = PBXContainerItemProxy;
			containerPortal = 8897DCD52F4F98ED00249605 /* Project object */;
			proxyType = 1;
			remoteGlobalIDString = 883ECE502F4FC96900528FA9;
			remoteInfo = JuiceLabCore;
		};
		8897DCEB2F4F98EE00249605 /* PBXContainerItemProxy */ = {
			isa = PBXContainerItemProxy;
			containerPortal = 8897DCD52F4F98ED00249605 /* Project object */;
			proxyType = 1;
			remoteGlobalIDString = 8897DCDC2F4F98ED00249605;
			remoteInfo = JuiceLabProNative;
		};
		8897DCF52F4F98EE00249605 /* PBXContainerItemProxy */ = {
			isa = PBXContainerItemProxy;
			containerPortal = 8897DCD52F4F98ED00249605 /* Project object */;
			proxyType = 1;
			remoteGlobalIDString = 8897DCDC2F4F98ED00249605;
			remoteInfo = JuiceLabProNative;
		};
/* End PBXContainerItemProxy section */

/* Begin PBXCopyFilesBuildPhase section */
		883ECE5B2F4FC96900528FA9 /* Embed Frameworks */ = {
			isa = PBXCopyFilesBuildPhase;
			buildActionMask = 2147483647;
			dstPath = "";
			dstSubfolderSpec = 10;
			files = (
				883ECE5A2F4FC96900528FA9 /* JuiceLabCore.framework in Embed Frameworks */,
			);
			name = "Embed Frameworks";
			runOnlyForDeploymentPostprocessing = 0;
		};
		88D9CC642F5239ED005BF2DA /* CopyFiles */ = {
			isa = PBXCopyFilesBuildPhase;
			buildActionMask = 2147483647;
			dstPath = Engine;
			dstSubfolderSpec = 7;
			files = (
			);
			runOnlyForDeploymentPostprocessing = 0;
		};
/* End PBXCopyFilesBuildPhase section */

/* Begin PBXFileReference section */
		883ECE512F4FC96900528FA9 /* JuiceLabCore.framework */ = {isa = PBXFileReference; explicitFileType = wrapper.framework; includeInIndex = 0; path = JuiceLabCore.framework; sourceTree = BUILT_PRODUCTS_DIR; };
		8897DCDD2F4F98ED00249605 /* JuiceLabProNative.app */ = {isa = PBXFileReference; explicitFileType = wrapper.application; includeInIndex = 0; path = JuiceLabProNative.app; sourceTree = BUILT_PRODUCTS_DIR; };
		8897DCEA2F4F98EE00249605 /* JuiceLabProNativeTests.xctest */ = {isa = PBXFileReference; explicitFileType = wrapper.cfbundle; includeInIndex = 0; path = JuiceLabProNativeTests.xctest; sourceTree = BUILT_PRODUCTS_DIR; };
		8897DCF42F4F98EE00249605 /* JuiceLabProNativeUITests.xctest */ = {isa = PBXFileReference; explicitFileType = wrapper.cfbundle; includeInIndex = 0; path = JuiceLabProNativeUITests.xctest; sourceTree = BUILT_PRODUCTS_DIR; };
/* End PBXFileReference section */

/* Begin PBXFileSystemSynchronizedBuildFileExceptionSet section */
		883ECE692F4FCBED00528FA9 /* Exceptions for "JuiceLabProNative" folder in "JuiceLabProNative" target */ = {
			isa = PBXFileSystemSynchronizedBuildFileExceptionSet;
			membershipExceptions = (
				Engine/juicesuite_engine.py,
				JuiceLabProNativeTests/JuiceLabProNativeTests.swift,
				Sources/JuiceLabCore/Engine/AI/AIEngine.swift,
				Sources/JuiceLabCore/Engine/AI/EmbeddingCanonicalizer.swift,
				Sources/JuiceLabCore/Engine/AI/EmbeddingEngine.swift,
				Sources/JuiceLabCore/Engine/AI/EmbeddingStore.swift,
				Sources/JuiceLabCore/Engine/ScannerEngine.swift,
				Sources/JuiceLabCore/Engine/SignatureRegistry.swift,
				Sources/JuiceLabCore/Models/ScanModels.swift,
				Sources/JuiceLabCore/Persistence/RunHistoryStore.swift,
				Tests/JuiceLabCoreTests/SignatureDetectionTests.swift,
			);
			target = 8897DCDC2F4F98ED00249605 /* JuiceLabProNative */;
		};
		883ECE6C2F4FCD2600528FA9 /* Exceptions for "JuiceLabProNative" folder in "JuiceLabProNativeTests" target */ = {
			isa = PBXFileSystemSynchronizedBuildFileExceptionSet;
			membershipExceptions = (
				JuiceLabProNativeTests/JuiceLabProNativeTests.swift,
				Tests/JuiceLabCoreTests/SignatureDetectionTests.swift,
			);
			target = 8897DCE92F4F98EE00249605 /* JuiceLabProNativeTests */;
		};
		883ECE6E2F4FCF8900528FA9 /* Exceptions for "JuiceLabCore" folder in "JuiceLabCore" target */ = {
			isa = PBXFileSystemSynchronizedBuildFileExceptionSet;
			membershipExceptions = (
				JuiceLabCore.docc,
			);
			target = 883ECE502F4FC96900528FA9 /* JuiceLabCore */;
		};
		883ECE732F4FD01000528FA9 /* Exceptions for "JuiceLabProNative" folder in "JuiceLabCore" target */ = {
			isa = PBXFileSystemSynchronizedBuildFileExceptionSet;
			membershipExceptions = (
				Sources/JuiceLabCore/Engine/AI/AIEngine.swift,
				Sources/JuiceLabCore/Engine/AI/EmbeddingCanonicalizer.swift,
				Sources/JuiceLabCore/Engine/AI/EmbeddingEngine.swift,
				Sources/JuiceLabCore/Engine/AI/EmbeddingStore.swift,
				Sources/JuiceLabCore/Engine/ScannerEngine.swift,
				Sources/JuiceLabCore/Engine/SignatureRegistry.swift,
				Sources/JuiceLabCore/Models/ScanModels.swift,
				Sources/JuiceLabCore/Persistence/RunHistoryStore.swift,
			);
			target = 883ECE502F4FC96900528FA9 /* JuiceLabCore */;
		};
/* End PBXFileSystemSynchronizedBuildFileExceptionSet section */

/* Begin PBXFileSystemSynchronizedGroupBuildPhaseMembershipExceptionSet section */
		88D9CC662F5239FC005BF2DA /* Exceptions for "JuiceLabProNative" folder in "Copy Files" phase from "JuiceLabProNative" target */ = {
			isa = PBXFileSystemSynchronizedGroupBuildPhaseMembershipExceptionSet;
			buildPhase = 88D9CC642F5239ED005BF2DA /* CopyFiles */;
			membershipExceptions = (
				Engine/juicesuite_engine.py,
			);
		};
/* End PBXFileSystemSynchronizedGroupBuildPhaseMembershipExceptionSet section */

/* Begin PBXFileSystemSynchronizedRootGroup section */
		883ECE522F4FC96900528FA9 /* JuiceLabCore */ = {
			isa = PBXFileSystemSynchronizedRootGroup;
			exceptions = (
				883ECE6E2F4FCF8900528FA9 /* Exceptions for "JuiceLabCore" folder in "JuiceLabCore" target */,
			);
			path = JuiceLabCore;
			sourceTree = "<group>";
		};
		8897DCDF2F4F98ED00249605 /* JuiceLabProNative */ = {
			isa = PBXFileSystemSynchronizedRootGroup;
			exceptions = (
				883ECE692F4FCBED00528FA9 /* Exceptions for "JuiceLabProNative" folder in "JuiceLabProNative" target */,
				88D9CC662F5239FC005BF2DA /* Exceptions for "JuiceLabProNative" folder in "Copy Files" phase from "JuiceLabProNative" target */,
				883ECE6C2F4FCD2600528FA9 /* Exceptions for "JuiceLabProNative" folder in "JuiceLabProNativeTests" target */,
				883ECE732F4FD01000528FA9 /* Exceptions for "JuiceLabProNative" folder in "JuiceLabCore" target */,
			);
			path = JuiceLabProNative;
			sourceTree = "<group>";
		};
		8897DCF72F4F98EE00249605 /* JuiceLabProNativeUITests */ = {
			isa = PBXFileSystemSynchronizedRootGroup;
			path = JuiceLabProNativeUITests;
			sourceTree = "<group>";
		};
/* End PBXFileSystemSynchronizedRootGroup section */

/* Begin PBXFrameworksBuildPhase section */
		883ECE4E2F4FC96900528FA9 /* Frameworks */ = {
			isa = PBXFrameworksBuildPhase;
			buildActionMask = 2147483647;
			files = (
				887DDD152F52CA8000D1EFDF /* ZIPFoundation in Frameworks */,
			);
			runOnlyForDeploymentPostprocessing = 0;
		};
		8897DCDA2F4F98ED00249605 /* Frameworks */ = {
			isa = PBXFrameworksBuildPhase;
			buildActionMask = 2147483647;
			files = (
				883ECE592F4FC96900528FA9 /* JuiceLabCore.framework in Frameworks */,
				887DDD172F52CA9A00D1EFDF /* ZIPFoundation in Frameworks */,
			);
			runOnlyForDeploymentPostprocessing = 0;
		};
		8897DCE72F4F98EE00249605 /* Frameworks */ = {
			isa = PBXFrameworksBuildPhase;
			buildActionMask = 2147483647;
			files = (
			);
			runOnlyForDeploymentPostprocessing = 0;
		};
		8897DCF12F4F98EE00249605 /* Frameworks */ = {
			isa = PBXFrameworksBuildPhase;
			buildActionMask = 2147483647;
			files = (
			);
			runOnlyForDeploymentPostprocessing = 0;
		};
/* End PBXFrameworksBuildPhase section */

/* Begin PBXGroup section */
		8897DCD42F4F98ED00249605 = {
			isa = PBXGroup;
			children = (
				88D9CC462F520C19005BF2DA /* Resources */,
				8897DCDF2F4F98ED00249605 /* JuiceLabProNative */,
				8897DCF72F4F98EE00249605 /* JuiceLabProNativeUITests */,
				883ECE522F4FC96900528FA9 /* JuiceLabCore */,
				8897DCDE2F4F98ED00249605 /* Products */,
			);
			sourceTree = "<group>";
		};
		8897DCDE2F4F98ED00249605 /* Products */ = {
			isa = PBXGroup;
			children = (
				8897DCDD2F4F98ED00249605 /* JuiceLabProNative.app */,
				8897DCEA2F4F98EE00249605 /* JuiceLabProNativeTests.xctest */,
				8897DCF42F4F98EE00249605 /* JuiceLabProNativeUITests.xctest */,
				883ECE512F4FC96900528FA9 /* JuiceLabCore.framework */,
			);
			name = Products;
			sourceTree = "<group>";
		};
		88D9CC462F520C19005BF2DA /* Resources */ = {
			isa = PBXGroup;
			children = (
			);
			path = Resources;
			sourceTree = "<group>";
		};
/* End PBXGroup section */

/* Begin PBXHeadersBuildPhase section */
		883ECE4C2F4FC96900528FA9 /* Headers */ = {
			isa = PBXHeadersBuildPhase;
			buildActionMask = 2147483647;
			files = (
			);
			runOnlyForDeploymentPostprocessing = 0;
		};
/* End PBXHeadersBuildPhase section */

/* Begin PBXNativeTarget section */
		883ECE502F4FC96900528FA9 /* JuiceLabCore */ = {
			isa = PBXNativeTarget;
			buildConfigurationList = 883ECE5E2F4FC96900528FA9 /* Build configuration list for PBXNativeTarget "JuiceLabCore" */;
			buildPhases = (
				883ECE4C2F4FC96900528FA9 /* Headers */,
				883ECE4D2F4FC96900528FA9 /* Sources */,
				883ECE4E2F4FC96900528FA9 /* Frameworks */,
				883ECE4F2F4FC96900528FA9 /* Resources */,
			);
			buildRules = (
			);
			dependencies = (
			);
			fileSystemSynchronizedGroups = (
				883ECE522F4FC96900528FA9 /* JuiceLabCore */,
			);
			name = JuiceLabCore;
			packageProductDependencies = (
				887DDD142F52CA8000D1EFDF /* ZIPFoundation */,
			);
			productName = JuiceLabCore;
			productReference = 883ECE512F4FC96900528FA9 /* JuiceLabCore.framework */;
			productType = "com.apple.product-type.framework";
		};
		8897DCDC2F4F98ED00249605 /* JuiceLabProNative */ = {
			isa = PBXNativeTarget;
			buildConfigurationList = 8897DCFE2F4F98EE00249605 /* Build configuration list for PBXNativeTarget "JuiceLabProNative" */;
			buildPhases = (
				8897DCD92F4F98ED00249605 /* Sources */,
				8897DCDA2F4F98ED00249605 /* Frameworks */,
				883ECE5B2F4FC96900528FA9 /* Embed Frameworks */,
				8897DCDB2F4F98ED00249605 /* Resources */,
				88D9CC642F5239ED005BF2DA /* CopyFiles */,
			);
			buildRules = (
			);
			dependencies = (
				883ECE582F4FC96900528FA9 /* PBXTargetDependency */,
			);
			fileSystemSynchronizedGroups = (
				8897DCDF2F4F98ED00249605 /* JuiceLabProNative */,
			);
			name = JuiceLabProNative;
			packageProductDependencies = (
				887DDD162F52CA9A00D1EFDF /* ZIPFoundation */,
			);
			productName = JuiceLabProNative;
			productReference = 8897DCDD2F4F98ED00249605 /* JuiceLabProNative.app */;
			productType = "com.apple.product-type.application";
		};
		8897DCE92F4F98EE00249605 /* JuiceLabProNativeTests */ = {
			isa = PBXNativeTarget;
			buildConfigurationList = 8897DD012F4F98EE00249605 /* Build configuration list for PBXNativeTarget "JuiceLabProNativeTests" */;
			buildPhases = (
				8897DCE62F4F98EE00249605 /* Sources */,
				8897DCE72F4F98EE00249605 /* Frameworks */,
				8897DCE82F4F98EE00249605 /* Resources */,
			);
			buildRules = (
			);
			dependencies = (
				8897DCEC2F4F98EE00249605 /* PBXTargetDependency */,
			);
			name = JuiceLabProNativeTests;
			packageProductDependencies = (
			);
			productName = JuiceLabProNativeTests;
			productReference = 8897DCEA2F4F98EE00249605 /* JuiceLabProNativeTests.xctest */;
			productType = "com.apple.product-type.bundle.unit-test";
		};
		8897DCF32F4F98EE00249605 /* JuiceLabProNativeUITests */ = {
			isa = PBXNativeTarget;
			buildConfigurationList = 8897DD042F4F98EE00249605 /* Build configuration list for PBXNativeTarget "JuiceLabProNativeUITests" */;
			buildPhases = (
				8897DCF02F4F98EE00249605 /* Sources */,
				8897DCF12F4F98EE00249605 /* Frameworks */,
				8897DCF22F4F98EE00249605 /* Resources */,
			);
			buildRules = (
			);
			dependencies = (
				8897DCF62F4F98EE00249605 /* PBXTargetDependency */,
			);
			fileSystemSynchronizedGroups = (
				8897DCF72F4F98EE00249605 /* JuiceLabProNativeUITests */,
			);
			name = JuiceLabProNativeUITests;
			packageProductDependencies = (
			);
			productName = JuiceLabProNativeUITests;
			productReference = 8897DCF42F4F98EE00249605 /* JuiceLabProNativeUITests.xctest */;
			productType = "com.apple.product-type.bundle.ui-testing";
		};
/* End PBXNativeTarget section */

/* Begin PBXProject section */
		8897DCD52F4F98ED00249605 /* Project object */ = {
			isa = PBXProject;
			attributes = {
				BuildIndependentTargetsInParallel = 1;
				LastSwiftUpdateCheck = 2610;
				LastUpgradeCheck = 2610;
				TargetAttributes = {
					883ECE502F4FC96900528FA9 = {
						CreatedOnToolsVersion = 26.1;
					};
					8897DCDC2F4F98ED00249605 = {
						CreatedOnToolsVersion = 26.1;
					};
					8897DCE92F4F98EE00249605 = {
						CreatedOnToolsVersion = 26.1;
						TestTargetID = 8897DCDC2F4F98ED00249605;
					};
					8897DCF32F4F98EE00249605 = {
						CreatedOnToolsVersion = 26.1;
						TestTargetID = 8897DCDC2F4F98ED00249605;
					};
				};
			};
			buildConfigurationList = 8897DCD82F4F98ED00249605 /* Build configuration list for PBXProject "JuiceLabProNative" */;
			developmentRegion = en;
			hasScannedForEncodings = 0;
			knownRegions = (
				en,
				Base,
			);
			mainGroup = 8897DCD42F4F98ED00249605;
			minimizedProjectReferenceProxies = 1;
			packageReferences = (
				887DDD132F52CA8000D1EFDF /* XCRemoteSwiftPackageReference "ZIPFoundation" */,
			);
			preferredProjectObjectVersion = 77;
			productRefGroup = 8897DCDE2F4F98ED00249605 /* Products */;
			projectDirPath = "";
			projectRoot = "";
			targets = (
				8897DCDC2F4F98ED00249605 /* JuiceLabProNative */,
				8897DCE92F4F98EE00249605 /* JuiceLabProNativeTests */,
				8897DCF32F4F98EE00249605 /* JuiceLabProNativeUITests */,
				883ECE502F4FC96900528FA9 /* JuiceLabCore */,
			);
		};
/* End PBXProject section */

/* Begin PBXResourcesBuildPhase section */
		883ECE4F2F4FC96900528FA9 /* Resources */ = {
			isa = PBXResourcesBuildPhase;
			buildActionMask = 2147483647;
			files = (
			);
			runOnlyForDeploymentPostprocessing = 0;
		};
		8897DCDB2F4F98ED00249605 /* Resources */ = {
			isa = PBXResourcesBuildPhase;
			buildActionMask = 2147483647;
			files = (
			);
			runOnlyForDeploymentPostprocessing = 0;
		};
		8897DCE82F4F98EE00249605 /* Resources */ = {
			isa = PBXResourcesBuildPhase;
			buildActionMask = 2147483647;
			files = (
			);
			runOnlyForDeploymentPostprocessing = 0;
		};
		8897DCF22F4F98EE00249605 /* Resources */ = {
			isa = PBXResourcesBuildPhase;
			buildActionMask = 2147483647;
			files = (
			);
			runOnlyForDeploymentPostprocessing = 0;
		};
/* End PBXResourcesBuildPhase section */

/* Begin PBXSourcesBuildPhase section */
		883ECE4D2F4FC96900528FA9 /* Sources */ = {
			isa = PBXSourcesBuildPhase;
			buildActionMask = 2147483647;
			files = (
			);
			runOnlyForDeploymentPostprocessing = 0;
		};
		8897DCD92F4F98ED00249605 /* Sources */ = {
			isa = PBXSourcesBuildPhase;
			buildActionMask = 2147483647;
			files = (
			);
			runOnlyForDeploymentPostprocessing = 0;
		};
		8897DCE62F4F98EE00249605 /* Sources */ = {
			isa = PBXSourcesBuildPhase;
			buildActionMask = 2147483647;
			files = (
			);
			runOnlyForDeploymentPostprocessing = 0;
		};
		8897DCF02F4F98EE00249605 /* Sources */ = {
			isa = PBXSourcesBuildPhase;
			buildActionMask = 2147483647;
			files = (
			);
			runOnlyForDeploymentPostprocessing = 0;
		};
/* End PBXSourcesBuildPhase section */

/* Begin PBXTargetDependency section */
		883ECE582F4FC96900528FA9 /* PBXTargetDependency */ = {
			isa = PBXTargetDependency;
			target = 883ECE502F4FC96900528FA9 /* JuiceLabCore */;
			targetProxy = 883ECE572F4FC96900528FA9 /* PBXContainerItemProxy */;
		};
		8897DCEC2F4F98EE00249605 /* PBXTargetDependency */ = {
			isa = PBXTargetDependency;
			target = 8897DCDC2F4F98ED00249605 /* JuiceLabProNative */;
			targetProxy = 8897DCEB2F4F98EE00249605 /* PBXContainerItemProxy */;
		};
		8897DCF62F4F98EE00249605 /* PBXTargetDependency */ = {
			isa = PBXTargetDependency;
			target = 8897DCDC2F4F98ED00249605 /* JuiceLabProNative */;
			targetProxy = 8897DCF52F4F98EE00249605 /* PBXContainerItemProxy */;
		};
/* End PBXTargetDependency section */

/* Begin XCBuildConfiguration section */
		883ECE5C2F4FC96900528FA9 /* Debug */ = {
			isa = XCBuildConfiguration;
			buildSettings = {
				BUILD_LIBRARY_FOR_DISTRIBUTION = NO;
				CODE_SIGN_STYLE = Automatic;
				COMBINE_HIDPI_IMAGES = YES;
				CURRENT_PROJECT_VERSION = 1;
				DEVELOPMENT_TEAM = DWCF3766XQ;
				DYLIB_COMPATIBILITY_VERSION = 1;
				DYLIB_CURRENT_VERSION = 1;
				DYLIB_INSTALL_NAME_BASE = "@rpath";
				ENABLE_MODULE_VERIFIER = YES;
				GENERATE_INFOPLIST_FILE = YES;
				INFOPLIST_KEY_NSHumanReadableCopyright = "";
				INSTALL_PATH = "$(LOCAL_LIBRARY_DIR)/Frameworks";
				LD_RUNPATH_SEARCH_PATHS = (
					"$(inherited)",
					"@executable_path/../Frameworks",
					"@loader_path/Frameworks",
				);
				MARKETING_VERSION = 1.0;
				MODULE_VERIFIER_SUPPORTED_LANGUAGES = "objective-c objective-c++";
				MODULE_VERIFIER_SUPPORTED_LANGUAGE_STANDARDS = "gnu17 gnu++20";
				PRODUCT_BUNDLE_IDENTIFIER = Pantronic.JuiceLabCore;
				PRODUCT_NAME = "$(TARGET_NAME:c99extidentifier)";
				SKIP_INSTALL = YES;
				STRING_CATALOG_GENERATE_SYMBOLS = YES;
				SWIFT_APPROACHABLE_CONCURRENCY = YES;
				SWIFT_EMIT_LOC_STRINGS = YES;
				SWIFT_INSTALL_MODULE = YES;
				SWIFT_INSTALL_OBJC_HEADER = NO;
				SWIFT_UPCOMING_FEATURE_MEMBER_IMPORT_VISIBILITY = YES;
				SWIFT_VERSION = 5.0;
				VERSIONING_SYSTEM = "apple-generic";
				VERSION_INFO_PREFIX = "";
			};
			name = Debug;
		};
		883ECE5D2F4FC96900528FA9 /* Release */ = {
			isa = XCBuildConfiguration;
			buildSettings = {
				BUILD_LIBRARY_FOR_DISTRIBUTION = NO;
				CODE_SIGN_STYLE = Automatic;
				COMBINE_HIDPI_IMAGES = YES;
				CURRENT_PROJECT_VERSION = 1;
				DEVELOPMENT_TEAM = DWCF3766XQ;
				DYLIB_COMPATIBILITY_VERSION = 1;
				DYLIB_CURRENT_VERSION = 1;
				DYLIB_INSTALL_NAME_BASE = "@rpath";
				ENABLE_MODULE_VERIFIER = YES;
				GENERATE_INFOPLIST_FILE = YES;
				INFOPLIST_KEY_NSHumanReadableCopyright = "";
				INSTALL_PATH = "$(LOCAL_LIBRARY_DIR)/Frameworks";
				LD_RUNPATH_SEARCH_PATHS = (
					"$(inherited)",
					"@executable_path/../Frameworks",
					"@loader_path/Frameworks",
				);
				MARKETING_VERSION = 1.0;
				MODULE_VERIFIER_SUPPORTED_LANGUAGES = "objective-c objective-c++";
				MODULE_VERIFIER_SUPPORTED_LANGUAGE_STANDARDS = "gnu17 gnu++20";
				PRODUCT_BUNDLE_IDENTIFIER = Pantronic.JuiceLabCore;
				PRODUCT_NAME = "$(TARGET_NAME:c99extidentifier)";
				SKIP_INSTALL = YES;
				STRING_CATALOG_GENERATE_SYMBOLS = YES;
				SWIFT_APPROACHABLE_CONCURRENCY = YES;
				SWIFT_EMIT_LOC_STRINGS = YES;
				SWIFT_INSTALL_MODULE = YES;
				SWIFT_INSTALL_OBJC_HEADER = NO;
				SWIFT_UPCOMING_FEATURE_MEMBER_IMPORT_VISIBILITY = YES;
				SWIFT_VERSION = 5.0;
				VERSIONING_SYSTEM = "apple-generic";
				VERSION_INFO_PREFIX = "";
			};
			name = Release;
		};
		8897DCFC2F4F98EE00249605 /* Debug */ = {
			isa = XCBuildConfiguration;
			buildSettings = {
				ALWAYS_SEARCH_USER_PATHS = NO;
				ASSETCATALOG_COMPILER_GENERATE_SWIFT_ASSET_SYMBOL_EXTENSIONS = YES;
				CLANG_ANALYZER_NONNULL = YES;
				CLANG_ANALYZER_NUMBER_OBJECT_CONVERSION = YES_AGGRESSIVE;
				CLANG_CXX_LANGUAGE_STANDARD = "gnu++20";
				CLANG_ENABLE_MODULES = YES;
				CLANG_ENABLE_OBJC_ARC = YES;
				CLANG_ENABLE_OBJC_WEAK = YES;
				CLANG_WARN_BLOCK_CAPTURE_AUTORELEASING = YES;
				CLANG_WARN_BOOL_CONVERSION = YES;
				CLANG_WARN_COMMA = YES;
				CLANG_WARN_CONSTANT_CONVERSION = YES;
				CLANG_WARN_DEPRECATED_OBJC_IMPLEMENTATIONS = YES;
				CLANG_WARN_DIRECT_OBJC_ISA_USAGE = YES_ERROR;
				CLANG_WARN_DOCUMENTATION_COMMENTS = YES;
				CLANG_WARN_EMPTY_BODY = YES;
				CLANG_WARN_ENUM_CONVERSION = YES;
				CLANG_WARN_INFINITE_RECURSION = YES;
				CLANG_WARN_INT_CONVERSION = YES;
				CLANG_WARN_NON_LITERAL_NULL_CONVERSION = YES;
				CLANG_WARN_OBJC_IMPLICIT_RETAIN_SELF = YES;
				CLANG_WARN_OBJC_LITERAL_CONVERSION = YES;
				CLANG_WARN_OBJC_ROOT_CLASS = YES_ERROR;
				CLANG_WARN_QUOTED_INCLUDE_IN_FRAMEWORK_HEADER = YES;
				CLANG_WARN_RANGE_LOOP_ANALYSIS = YES;
				CLANG_WARN_STRICT_PROTOTYPES = YES;
				CLANG_WARN_SUSPICIOUS_MOVE = YES;
				CLANG_WARN_UNGUARDED_AVAILABILITY = YES_AGGRESSIVE;
				CLANG_WARN_UNREACHABLE_CODE = YES;
				CLANG_WARN__DUPLICATE_METHOD_MATCH = YES;
				COPY_PHASE_STRIP = NO;
				DEBUG_INFORMATION_FORMAT = dwarf;
				DEVELOPMENT_TEAM = DWCF3766XQ;
				ENABLE_STRICT_OBJC_MSGSEND = YES;
				ENABLE_TESTABILITY = YES;
				ENABLE_USER_SCRIPT_SANDBOXING = YES;
				GCC_C_LANGUAGE_STANDARD = gnu17;
				GCC_DYNAMIC_NO_PIC = NO;
				GCC_NO_COMMON_BLOCKS = YES;
				GCC_OPTIMIZATION_LEVEL = 0;
				GCC_PREPROCESSOR_DEFINITIONS = (
					"DEBUG=1",
					"$(inherited)",
				);
				GCC_WARN_64_TO_32_BIT_CONVERSION = YES;
				GCC_WARN_ABOUT_RETURN_TYPE = YES_ERROR;
				GCC_WARN_UNDECLARED_SELECTOR = YES;
				GCC_WARN_UNINITIALIZED_AUTOS = YES_AGGRESSIVE;
				GCC_WARN_UNUSED_FUNCTION = YES;
				GCC_WARN_UNUSED_VARIABLE = YES;
				LOCALIZATION_PREFERS_STRING_CATALOGS = YES;
				MACOSX_DEPLOYMENT_TARGET = 26.1;
				MTL_ENABLE_DEBUG_INFO = INCLUDE_SOURCE;
				MTL_FAST_MATH = YES;
				ONLY_ACTIVE_ARCH = YES;
				SDKROOT = macosx;
				SWIFT_ACTIVE_COMPILATION_CONDITIONS = "DEBUG $(inherited)";
				SWIFT_OPTIMIZATION_LEVEL = "-Onone";
			};
			name = Debug;
		};
		8897DCFD2F4F98EE00249605 /* Release */ = {
			isa = XCBuildConfiguration;
			buildSettings = {
				ALWAYS_SEARCH_USER_PATHS = NO;
				ASSETCATALOG_COMPILER_GENERATE_SWIFT_ASSET_SYMBOL_EXTENSIONS = YES;
				CLANG_ANALYZER_NONNULL = YES;
				CLANG_ANALYZER_NUMBER_OBJECT_CONVERSION = YES_AGGRESSIVE;
				CLANG_CXX_LANGUAGE_STANDARD = "gnu++20";
				CLANG_ENABLE_MODULES = YES;
				CLANG_ENABLE_OBJC_ARC = YES;
				CLANG_ENABLE_OBJC_WEAK = YES;
				CLANG_WARN_BLOCK_CAPTURE_AUTORELEASING = YES;
				CLANG_WARN_BOOL_CONVERSION = YES;
				CLANG_WARN_COMMA = YES;
				CLANG_WARN_CONSTANT_CONVERSION = YES;
				CLANG_WARN_DEPRECATED_OBJC_IMPLEMENTATIONS = YES;
				CLANG_WARN_DIRECT_OBJC_ISA_USAGE = YES_ERROR;
				CLANG_WARN_DOCUMENTATION_COMMENTS = YES;
				CLANG_WARN_EMPTY_BODY = YES;
				CLANG_WARN_ENUM_CONVERSION = YES;
				CLANG_WARN_INFINITE_RECURSION = YES;
				CLANG_WARN_INT_CONVERSION = YES;
				CLANG_WARN_NON_LITERAL_NULL_CONVERSION = YES;
				CLANG_WARN_OBJC_IMPLICIT_RETAIN_SELF = YES;
				CLANG_WARN_OBJC_LITERAL_CONVERSION = YES;
				CLANG_WARN_OBJC_ROOT_CLASS = YES_ERROR;
				CLANG_WARN_QUOTED_INCLUDE_IN_FRAMEWORK_HEADER = YES;
				CLANG_WARN_RANGE_LOOP_ANALYSIS = YES;
				CLANG_WARN_STRICT_PROTOTYPES = YES;
				CLANG_WARN_SUSPICIOUS_MOVE = YES;
				CLANG_WARN_UNGUARDED_AVAILABILITY = YES_AGGRESSIVE;
				CLANG_WARN_UNREACHABLE_CODE = YES;
				CLANG_WARN__DUPLICATE_METHOD_MATCH = YES;
				COPY_PHASE_STRIP = NO;
				DEBUG_INFORMATION_FORMAT = "dwarf-with-dsym";
				DEVELOPMENT_TEAM = DWCF3766XQ;
				ENABLE_NS_ASSERTIONS = NO;
				ENABLE_STRICT_OBJC_MSGSEND = YES;
				ENABLE_USER_SCRIPT_SANDBOXING = YES;
				GCC_C_LANGUAGE_STANDARD = gnu17;
				GCC_NO_COMMON_BLOCKS = YES;
				GCC_WARN_64_TO_32_BIT_CONVERSION = YES;
				GCC_WARN_ABOUT_RETURN_TYPE = YES_ERROR;
				GCC_WARN_UNDECLARED_SELECTOR = YES;
				GCC_WARN_UNINITIALIZED_AUTOS = YES_AGGRESSIVE;
				GCC_WARN_UNUSED_FUNCTION = YES;
				GCC_WARN_UNUSED_VARIABLE = YES;
				LOCALIZATION_PREFERS_STRING_CATALOGS = YES;
				MACOSX_DEPLOYMENT_TARGET = 26.1;
				MTL_ENABLE_DEBUG_INFO = NO;
				MTL_FAST_MATH = YES;
				SDKROOT = macosx;
				SWIFT_COMPILATION_MODE = wholemodule;
			};
			name = Release;
		};
		8897DCFF2F4F98EE00249605 /* Debug */ = {
			isa = XCBuildConfiguration;
			buildSettings = {
				ASSETCATALOG_COMPILER_APPICON_NAME = AppIcon;
				ASSETCATALOG_COMPILER_GLOBAL_ACCENT_COLOR_NAME = AccentColor;
				CODE_SIGN_STYLE = Automatic;
				COMBINE_HIDPI_IMAGES = YES;
				CURRENT_PROJECT_VERSION = 1;
				DEVELOPMENT_TEAM = DWCF3766XQ;
				ENABLE_APP_SANDBOX = YES;
				ENABLE_HARDENED_RUNTIME = YES;
				ENABLE_PREVIEWS = YES;
				ENABLE_USER_SELECTED_FILES = readonly;
				GENERATE_INFOPLIST_FILE = YES;
				INFOPLIST_KEY_CFBundleDisplayName = "JuiceLabProNative (Engine Test)";
				INFOPLIST_KEY_LSApplicationCategoryType = "public.app-category.utilities";
				INFOPLIST_KEY_NSHumanReadableCopyright = "";
				LD_RUNPATH_SEARCH_PATHS = (
					"$(inherited)",
					"@executable_path/../Frameworks",
				);
				MARKETING_VERSION = 1.0;
				PRODUCT_BUNDLE_IDENTIFIER = com.bsifrar.JuiceLabProNative.EngineWrapper;
				PRODUCT_NAME = "$(TARGET_NAME)";
				REGISTER_APP_GROUPS = YES;
				STRING_CATALOG_GENERATE_SYMBOLS = YES;
				SWIFT_APPROACHABLE_CONCURRENCY = YES;
				SWIFT_DEFAULT_ACTOR_ISOLATION = MainActor;
				SWIFT_EMIT_LOC_STRINGS = YES;
				SWIFT_UPCOMING_FEATURE_MEMBER_IMPORT_VISIBILITY = YES;
				SWIFT_VERSION = 5.0;
			};
			name = Debug;
		};
		8897DD002F4F98EE00249605 /* Release */ = {
			isa = XCBuildConfiguration;
			buildSettings = {
				ASSETCATALOG_COMPILER_APPICON_NAME = AppIcon;
				ASSETCATALOG_COMPILER_GLOBAL_ACCENT_COLOR_NAME = AccentColor;
				CODE_SIGN_STYLE = Automatic;
				COMBINE_HIDPI_IMAGES = YES;
				CURRENT_PROJECT_VERSION = 1;
				DEVELOPMENT_TEAM = DWCF3766XQ;
				ENABLE_APP_SANDBOX = YES;
				ENABLE_HARDENED_RUNTIME = YES;
				ENABLE_PREVIEWS = YES;
				ENABLE_USER_SELECTED_FILES = readonly;
				GENERATE_INFOPLIST_FILE = YES;
				INFOPLIST_KEY_CFBundleDisplayName = "JuiceLabProNative (Engine Test)";
				INFOPLIST_KEY_LSApplicationCategoryType = "public.app-category.utilities";
				INFOPLIST_KEY_NSHumanReadableCopyright = "";
				LD_RUNPATH_SEARCH_PATHS = (
					"$(inherited)",
					"@executable_path/../Frameworks",
				);
				MARKETING_VERSION = 1.0;
				PRODUCT_BUNDLE_IDENTIFIER = com.bsifrar.JuiceLabProNative.EngineWrapper;
				PRODUCT_NAME = "$(TARGET_NAME)";
				REGISTER_APP_GROUPS = YES;
				STRING_CATALOG_GENERATE_SYMBOLS = YES;
				SWIFT_APPROACHABLE_CONCURRENCY = YES;
				SWIFT_DEFAULT_ACTOR_ISOLATION = MainActor;
				SWIFT_EMIT_LOC_STRINGS = YES;
				SWIFT_UPCOMING_FEATURE_MEMBER_IMPORT_VISIBILITY = YES;
				SWIFT_VERSION = 5.0;
			};
			name = Release;
		};
		8897DD022F4F98EE00249605 /* Debug */ = {
			isa = XCBuildConfiguration;
			buildSettings = {
				BUNDLE_LOADER = "$(TEST_HOST)";
				CODE_SIGN_STYLE = Automatic;
				CURRENT_PROJECT_VERSION = 1;
				DEVELOPMENT_TEAM = DWCF3766XQ;
				GENERATE_INFOPLIST_FILE = YES;
				MACOSX_DEPLOYMENT_TARGET = 26.1;
				MARKETING_VERSION = 1.0;
				PRODUCT_BUNDLE_IDENTIFIER = Pantronic.JuiceLabProNativeTests;
				PRODUCT_NAME = "$(TARGET_NAME)";
				STRING_CATALOG_GENERATE_SYMBOLS = NO;
				SWIFT_APPROACHABLE_CONCURRENCY = YES;
				SWIFT_EMIT_LOC_STRINGS = NO;
				SWIFT_UPCOMING_FEATURE_MEMBER_IMPORT_VISIBILITY = YES;
				SWIFT_VERSION = 5.0;
				TEST_HOST = "$(BUILT_PRODUCTS_DIR)/JuiceLabProNative.app/$(BUNDLE_EXECUTABLE_FOLDER_PATH)/JuiceLabProNative";
			};
			name = Debug;
		};
		8897DD032F4F98EE00249605 /* Release */ = {
			isa = XCBuildConfiguration;
			buildSettings = {
				BUNDLE_LOADER = "$(TEST_HOST)";
				CODE_SIGN_STYLE = Automatic;
				CURRENT_PROJECT_VERSION = 1;
				DEVELOPMENT_TEAM = DWCF3766XQ;
				GENERATE_INFOPLIST_FILE = YES;
				MACOSX_DEPLOYMENT_TARGET = 26.1;
				MARKETING_VERSION = 1.0;
				PRODUCT_BUNDLE_IDENTIFIER = Pantronic.JuiceLabProNativeTests;
				PRODUCT_NAME = "$(TARGET_NAME)";
				STRING_CATALOG_GENERATE_SYMBOLS = NO;
				SWIFT_APPROACHABLE_CONCURRENCY = YES;
				SWIFT_EMIT_LOC_STRINGS = NO;
				SWIFT_UPCOMING_FEATURE_MEMBER_IMPORT_VISIBILITY = YES;
				SWIFT_VERSION = 5.0;
				TEST_HOST = "$(BUILT_PRODUCTS_DIR)/JuiceLabProNative.app/$(BUNDLE_EXECUTABLE_FOLDER_PATH)/JuiceLabProNative";
			};
			name = Release;
		};
		8897DD052F4F98EE00249605 /* Debug */ = {
			isa = XCBuildConfiguration;
			buildSettings = {
				CODE_SIGN_STYLE = Automatic;
				CURRENT_PROJECT_VERSION = 1;
				DEVELOPMENT_TEAM = DWCF3766XQ;
				GENERATE_INFOPLIST_FILE = YES;
				MARKETING_VERSION = 1.0;
				PRODUCT_BUNDLE_IDENTIFIER = Pantronic.JuiceLabProNativeUITests;
				PRODUCT_NAME = "$(TARGET_NAME)";
				STRING_CATALOG_GENERATE_SYMBOLS = NO;
				SWIFT_APPROACHABLE_CONCURRENCY = YES;
				SWIFT_EMIT_LOC_STRINGS = NO;
				SWIFT_UPCOMING_FEATURE_MEMBER_IMPORT_VISIBILITY = YES;
				SWIFT_VERSION = 5.0;
				TEST_TARGET_NAME = JuiceLabProNative;
			};
			name = Debug;
		};
		8897DD062F4F98EE00249605 /* Release */ = {
			isa = XCBuildConfiguration;
			buildSettings = {
				CODE_SIGN_STYLE = Automatic;
				CURRENT_PROJECT_VERSION = 1;
				DEVELOPMENT_TEAM = DWCF3766XQ;
				GENERATE_INFOPLIST_FILE = YES;
				MARKETING_VERSION = 1.0;
				PRODUCT_BUNDLE_IDENTIFIER = Pantronic.JuiceLabProNativeUITests;
				PRODUCT_NAME = "$(TARGET_NAME)";
				STRING_CATALOG_GENERATE_SYMBOLS = NO;
				SWIFT_APPROACHABLE_CONCURRENCY = YES;
				SWIFT_EMIT_LOC_STRINGS = NO;
				SWIFT_UPCOMING_FEATURE_MEMBER_IMPORT_VISIBILITY = YES;
				SWIFT_VERSION = 5.0;
				TEST_TARGET_NAME = JuiceLabProNative;
			};
			name = Release;
		};
/* End XCBuildConfiguration section */

/* Begin XCConfigurationList section */
		883ECE5E2F4FC96900528FA9 /* Build configuration list for PBXNativeTarget "JuiceLabCore" */ = {
			isa = XCConfigurationList;
			buildConfigurations = (
				883ECE5C2F4FC96900528FA9 /* Debug */,
				883ECE5D2F4FC96900528FA9 /* Release */,
			);
			defaultConfigurationIsVisible = 0;
			defaultConfigurationName = Release;
		};
		8897DCD82F4F98ED00249605 /* Build configuration list for PBXProject "JuiceLabProNative" */ = {
			isa = XCConfigurationList;
			buildConfigurations = (
				8897DCFC2F4F98EE00249605 /* Debug */,
				8897DCFD2F4F98EE00249605 /* Release */,
			);
			defaultConfigurationIsVisible = 0;
			defaultConfigurationName = Release;
		};
		8897DCFE2F4F98EE00249605 /* Build configuration list for PBXNativeTarget "JuiceLabProNative" */ = {
			isa = XCConfigurationList;
			buildConfigurations = (
				8897DCFF2F4F98EE00249605 /* Debug */,
				8897DD002F4F98EE00249605 /* Release */,
			);
			defaultConfigurationIsVisible = 0;
			defaultConfigurationName = Release;
		};
		8897DD012F4F98EE00249605 /* Build configuration list for PBXNativeTarget "JuiceLabProNativeTests" */ = {
			isa = XCConfigurationList;
			buildConfigurations = (
				8897DD022F4F98EE00249605 /* Debug */,
				8897DD032F4F98EE00249605 /* Release */,
			);
			defaultConfigurationIsVisible = 0;
			defaultConfigurationName = Release;
		};
		8897DD042F4F98EE00249605 /* Build configuration list for PBXNativeTarget "JuiceLabProNativeUITests" */ = {
			isa = XCConfigurationList;
			buildConfigurations = (
				8897DD052F4F98EE00249605 /* Debug */,
				8897DD062F4F98EE00249605 /* Release */,
			);
			defaultConfigurationIsVisible = 0;
			defaultConfigurationName = Release;
		};
/* End XCConfigurationList section */

/* Begin XCRemoteSwiftPackageReference section */
		887DDD132F52CA8000D1EFDF /* XCRemoteSwiftPackageReference "ZIPFoundation" */ = {
			isa = XCRemoteSwiftPackageReference;
			repositoryURL = "https://github.com/weichsel/ZIPFoundation";
			requirement = {
				kind = upToNextMajorVersion;
				minimumVersion = 0.9.20;
			};
		};
/* End XCRemoteSwiftPackageReference section */

/* Begin XCSwiftPackageProductDependency section */
		887DDD142F52CA8000D1EFDF /* ZIPFoundation */ = {
			isa = XCSwiftPackageProductDependency;
			package = 887DDD132F52CA8000D1EFDF /* XCRemoteSwiftPackageReference "ZIPFoundation" */;
			productName = ZIPFoundation;
		};
		887DDD162F52CA9A00D1EFDF /* ZIPFoundation */ = {
			isa = XCSwiftPackageProductDependency;
			package = 887DDD132F52CA8000D1EFDF /* XCRemoteSwiftPackageReference "ZIPFoundation" */;
			productName = ZIPFoundation;
		};
/* End XCSwiftPackageProductDependency section */
	};
	rootObject = 8897DCD52F4F98ED00249605 /* Project object */;
}
